
Microsoft Visual Studio Solution File, Format Version 12.00
# Visual Studio Version 17
VisualStudioVersion = 17.1.32210.238
MinimumVisualStudioVersion = 10.0.40219.1
Project("{FAE04EC0-301F-11D3-BF4B-00C04F79EFBC}") = "MethodBox.QRMS", "MethodBox.QRMS.csproj", "{315DE341-96B6-406B-AE3D-8170468F5FFD}"
EndProject
Global
	GlobalSection(SolutionConfigurationPlatforms) = preSolution
		Debug|Any CPU = Debug|Any CPU
		Release|Any CPU = Release|Any CPU
	EndGlobalSection
	GlobalSection(ProjectConfigurationPlatforms) = postSolution
		{315DE341-96B6-406B-AE3D-8170468F5FFD}.Debug|Any CPU.ActiveCfg = Debug|Any CPU
		{315DE341-96B6-406B-AE3D-8170468F5FFD}.Debug|Any CPU.Build.0 = Debug|Any CPU
		{315DE341-96B6-406B-AE3D-8170468F5FFD}.Release|Any CPU.ActiveCfg = Release|Any CPU
		{315DE341-96B6-406B-AE3D-8170468F5FFD}.Release|Any CPU.Build.0 = Release|Any CPU
	EndGlobalSection
	GlobalSection(SolutionProperties) = preSolution
		HideSolutionNode = FALSE
	EndGlobalSection
	GlobalSection(ExtensibilityGlobals) = postSolution
		SolutionGuid = {CFE46A8B-DB0D-4D52-BF75-0CFC5F5E4C39}
	EndGlobalSection
EndGlobal
